
Microsoft Visual Studio Solution File, Format Version 12.00
# Visual Studio Version 16
VisualStudioVersion = 16.0.30225.117
MinimumVisualStudioVersion = 15.0.26124.0
Project("{FAE04EC0-301F-11D3-BF4B-00C04F79EFBC}") = "dbtocs", "dbtocs\dbtocs.csproj", "{5168053D-C034-42BB-895F-7821042E41C9}"
EndProject
Project("{FAE04EC0-301F-11D3-BF4B-00C04F79EFBC}") = "Test.Db2Scharp", "Test.Db2Scharp\Test.Db2Scharp.csproj", "{8A994F73-98CB-415C-8E06-F2BCC118DE69}"
EndProject
Project("{FAE04EC0-301F-11D3-BF4B-00C04F79EFBC}") = "dbtocs.Core", "db2cs.Core\dbtocs.Core.csproj", "{570E76F1-64BA-4403-B3AD-8EDB2CD848FC}"
EndProject
Global
	GlobalSection(SolutionConfigurationPlatforms) = preSolution
		Debug|Any CPU = Debug|Any CPU
		Debug|x64 = Debug|x64
		Debug|x86 = Debug|x86
		Release|Any CPU = Release|Any CPU
		Release|x64 = Release|x64
		Release|x86 = Release|x86
	EndGlobalSection
	GlobalSection(ProjectConfigurationPlatforms) = postSolution
		{5168053D-C034-42BB-895F-7821042E41C9}.Debug|Any CPU.ActiveCfg = Debug|Any CPU
		{5168053D-C034-42BB-895F-7821042E41C9}.Debug|Any CPU.Build.0 = Debug|Any CPU
		{5168053D-C034-42BB-895F-7821042E41C9}.Debug|x64.ActiveCfg = Debug|Any CPU
		{5168053D-C034-42BB-895F-7821042E41C9}.Debug|x64.Build.0 = Debug|Any CPU
		{5168053D-C034-42BB-895F-7821042E41C9}.Debug|x86.ActiveCfg = Debug|Any CPU
		{5168053D-C034-42BB-895F-7821042E41C9}.Debug|x86.Build.0 = Debug|Any CPU
		{5168053D-C034-42BB-895F-7821042E41C9}.Release|Any CPU.ActiveCfg = Release|Any CPU
		{5168053D-C034-42BB-895F-7821042E41C9}.Release|Any CPU.Build.0 = Release|Any CPU
		{5168053D-C034-42BB-895F-7821042E41C9}.Release|x64.ActiveCfg = Release|Any CPU
		{5168053D-C034-42BB-895F-7821042E41C9}.Release|x64.Build.0 = Release|Any CPU
		{5168053D-C034-42BB-895F-7821042E41C9}.Release|x86.ActiveCfg = Release|Any CPU
		{5168053D-C034-42BB-895F-7821042E41C9}.Release|x86.Build.0 = Release|Any CPU
		{8A994F73-98CB-415C-8E06-F2BCC118DE69}.Debug|Any CPU.ActiveCfg = Debug|Any CPU
		{8A994F73-98CB-415C-8E06-F2BCC118DE69}.Debug|Any CPU.Build.0 = Debug|Any CPU
		{8A994F73-98CB-415C-8E06-F2BCC118DE69}.Debug|x64.ActiveCfg = Debug|Any CPU
		{8A994F73-98CB-415C-8E06-F2BCC118DE69}.Debug|x64.Build.0 = Debug|Any CPU
		{8A994F73-98CB-415C-8E06-F2BCC118DE69}.Debug|x86.ActiveCfg = Debug|Any CPU
		{8A994F73-98CB-415C-8E06-F2BCC118DE69}.Debug|x86.Build.0 = Debug|Any CPU
		{8A994F73-98CB-415C-8E06-F2BCC118DE69}.Release|Any CPU.ActiveCfg = Release|Any CPU
		{8A994F73-98CB-415C-8E06-F2BCC118DE69}.Release|Any CPU.Build.0 = Release|Any CPU
		{8A994F73-98CB-415C-8E06-F2BCC118DE69}.Release|x64.ActiveCfg = Release|Any CPU
		{8A994F73-98CB-415C-8E06-F2BCC118DE69}.Release|x64.Build.0 = Release|Any CPU
		{8A994F73-98CB-415C-8E06-F2BCC118DE69}.Release|x86.ActiveCfg = Release|Any CPU
		{8A994F73-98CB-415C-8E06-F2BCC118DE69}.Release|x86.Build.0 = Release|Any CPU
		{570E76F1-64BA-4403-B3AD-8EDB2CD848FC}.Debug|Any CPU.ActiveCfg = Debug|Any CPU
		{570E76F1-64BA-4403-B3AD-8EDB2CD848FC}.Debug|Any CPU.Build.0 = Debug|Any CPU
		{570E76F1-64BA-4403-B3AD-8EDB2CD848FC}.Debug|x64.ActiveCfg = Debug|Any CPU
		{570E76F1-64BA-4403-B3AD-8EDB2CD848FC}.Debug|x64.Build.0 = Debug|Any CPU
		{570E76F1-64BA-4403-B3AD-8EDB2CD848FC}.Debug|x86.ActiveCfg = Debug|Any CPU
		{570E76F1-64BA-4403-B3AD-8EDB2CD848FC}.Debug|x86.Build.0 = Debug|Any CPU
		{570E76F1-64BA-4403-B3AD-8EDB2CD848FC}.Release|Any CPU.ActiveCfg = Release|Any CPU
		{570E76F1-64BA-4403-B3AD-8EDB2CD848FC}.Release|Any CPU.Build.0 = Release|Any CPU
		{570E76F1-64BA-4403-B3AD-8EDB2CD848FC}.Release|x64.ActiveCfg = Release|Any CPU
		{570E76F1-64BA-4403-B3AD-8EDB2CD848FC}.Release|x64.Build.0 = Release|Any CPU
		{570E76F1-64BA-4403-B3AD-8EDB2CD848FC}.Release|x86.ActiveCfg = Release|Any CPU
		{570E76F1-64BA-4403-B3AD-8EDB2CD848FC}.Release|x86.Build.0 = Release|Any CPU
	EndGlobalSection
	GlobalSection(SolutionProperties) = preSolution
		HideSolutionNode = FALSE
	EndGlobalSection
	GlobalSection(ExtensibilityGlobals) = postSolution
		SolutionGuid = {40FC5F99-A1FF-4E49-8135-2E2D201202E0}
	EndGlobalSection
EndGlobal
